# THIS IS AN AUTOGENERATED FILE. DO NOT EDIT THIS FILE DIRECTLY.
# yarn lockfile v1


"@types/bcrypt@^3.0.0":
  version "3.0.0"
  resolved "https://registry.yarnpkg.com/@types/bcrypt/-/bcrypt-3.0.0.tgz#851489a9065a067cb7f3c9cbe4ce9bed8bba0876"
  integrity sha512-nohgNyv+1ViVcubKBh0+XiNJ3dO8nYu///9aJ4cgSqv70gBL+94SNy/iC2NLzKPT2Zt/QavrOkBVbZRLZmw6NQ==
